
Microsoft Visual Studio Solution File, Format Version 12.00
# Visual Studio Version 17
VisualStudioVersion = 17.3.32922.545
MinimumVisualStudioVersion = 10.0.40219.1
Project("{2150E333-8FDC-42A3-9474-1A3956D46DE8}") = "Services", "Services", "{E5FB8CBA-8A91-4091-9B62-F30A5FD33F68}"
EndProject
Project("{2150E333-8FDC-42A3-9474-1A3956D46DE8}") = "Catalog", "Catalog", "{9249D5E8-239B-4DF5-B693-EADE30BD8334}"
EndProject
Project("{9A19103F-16F7-4668-BE54-9A1E7A4F7556}") = "Catalog.API", "Services\Catalog\Catalog.API\Catalog.API.csproj", "{42BE39CB-DC53-4C42-87A0-7B3A52C6864C}"
EndProject
Project("{E53339B2-1760-4266-BCC7-CA923CBCF16C}") = "docker-compose", "docker-compose.dcproj", "{A5A28C3A-2614-4F1C-BF7F-5FA5C242063D}"
EndProject
Project("{2150E333-8FDC-42A3-9474-1A3956D46DE8}") = "Employee", "Employee", "{7B447689-7D26-47E6-BC9B-B3158CCE6442}"
EndProject
Project("{9A19103F-16F7-4668-BE54-9A1E7A4F7556}") = "Employee.API", "Services\Employee\Employee.API\Employee.API.csproj", "{350B0344-DCDA-4F7B-BD61-AFD368A167ED}"
EndProject
Project("{2150E333-8FDC-42A3-9474-1A3956D46DE8}") = "Baskets", "Baskets", "{5FCAFC31-C3CA-47D8-AE16-C615C1F1D207}"
EndProject
Project("{9A19103F-16F7-4668-BE54-9A1E7A4F7556}") = "Baskets.API", "Services\Baskets\Baskets.API\Baskets.API.csproj", "{3F0E84D0-2D2C-4E44-95EF-A1B0325A8BEF}"
EndProject
Project("{2150E333-8FDC-42A3-9474-1A3956D46DE8}") = "Discount", "Discount", "{287CDB73-E2DC-4F68-A1C7-A74D0276A8A5}"
EndProject
Project("{9A19103F-16F7-4668-BE54-9A1E7A4F7556}") = "Discount.API", "Services\Discount\Discount.API\Discount.API.csproj", "{71655F2D-5DAE-4FF8-8B37-EB04C67E0079}"
EndProject
Project("{9A19103F-16F7-4668-BE54-9A1E7A4F7556}") = "Discount.GRPC", "Services\Discount\Discount.GRPC\Discount.GRPC.csproj", "{E82024D5-D79B-4FFB-84F0-78D844B95B50}"
EndProject
Global
	GlobalSection(SolutionConfigurationPlatforms) = preSolution
		Debug|Any CPU = Debug|Any CPU
		Release|Any CPU = Release|Any CPU
	EndGlobalSection
	GlobalSection(ProjectConfigurationPlatforms) = postSolution
		{42BE39CB-DC53-4C42-87A0-7B3A52C6864C}.Debug|Any CPU.ActiveCfg = Debug|Any CPU
		{42BE39CB-DC53-4C42-87A0-7B3A52C6864C}.Debug|Any CPU.Build.0 = Debug|Any CPU
		{42BE39CB-DC53-4C42-87A0-7B3A52C6864C}.Release|Any CPU.ActiveCfg = Release|Any CPU
		{42BE39CB-DC53-4C42-87A0-7B3A52C6864C}.Release|Any CPU.Build.0 = Release|Any CPU
		{A5A28C3A-2614-4F1C-BF7F-5FA5C242063D}.Debug|Any CPU.ActiveCfg = Debug|Any CPU
		{A5A28C3A-2614-4F1C-BF7F-5FA5C242063D}.Debug|Any CPU.Build.0 = Debug|Any CPU
		{A5A28C3A-2614-4F1C-BF7F-5FA5C242063D}.Release|Any CPU.ActiveCfg = Release|Any CPU
		{A5A28C3A-2614-4F1C-BF7F-5FA5C242063D}.Release|Any CPU.Build.0 = Release|Any CPU
		{350B0344-DCDA-4F7B-BD61-AFD368A167ED}.Debug|Any CPU.ActiveCfg = Debug|Any CPU
		{350B0344-DCDA-4F7B-BD61-AFD368A167ED}.Debug|Any CPU.Build.0 = Debug|Any CPU
		{350B0344-DCDA-4F7B-BD61-AFD368A167ED}.Release|Any CPU.ActiveCfg = Release|Any CPU
		{350B0344-DCDA-4F7B-BD61-AFD368A167ED}.Release|Any CPU.Build.0 = Release|Any CPU
		{3F0E84D0-2D2C-4E44-95EF-A1B0325A8BEF}.Debug|Any CPU.ActiveCfg = Debug|Any CPU
		{3F0E84D0-2D2C-4E44-95EF-A1B0325A8BEF}.Debug|Any CPU.Build.0 = Debug|Any CPU
		{3F0E84D0-2D2C-4E44-95EF-A1B0325A8BEF}.Release|Any CPU.ActiveCfg = Release|Any CPU
		{3F0E84D0-2D2C-4E44-95EF-A1B0325A8BEF}.Release|Any CPU.Build.0 = Release|Any CPU
		{71655F2D-5DAE-4FF8-8B37-EB04C67E0079}.Debug|Any CPU.ActiveCfg = Debug|Any CPU
		{71655F2D-5DAE-4FF8-8B37-EB04C67E0079}.Debug|Any CPU.Build.0 = Debug|Any CPU
		{71655F2D-5DAE-4FF8-8B37-EB04C67E0079}.Release|Any CPU.ActiveCfg = Release|Any CPU
		{71655F2D-5DAE-4FF8-8B37-EB04C67E0079}.Release|Any CPU.Build.0 = Release|Any CPU
		{E82024D5-D79B-4FFB-84F0-78D844B95B50}.Debug|Any CPU.ActiveCfg = Debug|Any CPU
		{E82024D5-D79B-4FFB-84F0-78D844B95B50}.Debug|Any CPU.Build.0 = Debug|Any CPU
		{E82024D5-D79B-4FFB-84F0-78D844B95B50}.Release|Any CPU.ActiveCfg = Release|Any CPU
		{E82024D5-D79B-4FFB-84F0-78D844B95B50}.Release|Any CPU.Build.0 = Release|Any CPU
	EndGlobalSection
	GlobalSection(SolutionProperties) = preSolution
		HideSolutionNode = FALSE
	EndGlobalSection
	GlobalSection(NestedProjects) = preSolution
		{9249D5E8-239B-4DF5-B693-EADE30BD8334} = {E5FB8CBA-8A91-4091-9B62-F30A5FD33F68}
		{42BE39CB-DC53-4C42-87A0-7B3A52C6864C} = {9249D5E8-239B-4DF5-B693-EADE30BD8334}
		{7B447689-7D26-47E6-BC9B-B3158CCE6442} = {E5FB8CBA-8A91-4091-9B62-F30A5FD33F68}
		{350B0344-DCDA-4F7B-BD61-AFD368A167ED} = {7B447689-7D26-47E6-BC9B-B3158CCE6442}
		{5FCAFC31-C3CA-47D8-AE16-C615C1F1D207} = {E5FB8CBA-8A91-4091-9B62-F30A5FD33F68}
		{3F0E84D0-2D2C-4E44-95EF-A1B0325A8BEF} = {5FCAFC31-C3CA-47D8-AE16-C615C1F1D207}
		{287CDB73-E2DC-4F68-A1C7-A74D0276A8A5} = {E5FB8CBA-8A91-4091-9B62-F30A5FD33F68}
		{71655F2D-5DAE-4FF8-8B37-EB04C67E0079} = {287CDB73-E2DC-4F68-A1C7-A74D0276A8A5}
		{E82024D5-D79B-4FFB-84F0-78D844B95B50} = {287CDB73-E2DC-4F68-A1C7-A74D0276A8A5}
	EndGlobalSection
	GlobalSection(ExtensibilityGlobals) = postSolution
		SolutionGuid = {9700DB8F-8071-403F-B082-E22B2A110D66}
	EndGlobalSection
EndGlobal
